// !$*UTF8*$!
{
	archiveVersion = 1;
	classes = {
	};
	objectVersion = 56;
	objects = {

/* Begin PBXBuildFile section */
		56BD03BB2BCA85B100BAFD87 /* AppDelegate.swift in Sources */ = {isa = PBXBuildFile; fileRef = 56BD03BA2BCA85B100BAFD87 /* AppDelegate.swift */; };
		56BD03BD2BCA85B100BAFD87 /* SceneDelegate.swift in Sources */ = {isa = PBXBuildFile; fileRef = 56BD03BC2BCA85B100BAFD87 /* SceneDelegate.swift */; };
		56BD03BF2BCA85B100BAFD87 /* ConfigurationViewController.swift in Sources */ = {isa = PBXBuildFile; fileRef = 56BD03BE2BCA85B100BAFD87 /* ConfigurationViewController.swift */; };
		56BD03C52BCA85B100BAFD87 /* Chat_Implementation.xcdatamodeld in Sources */ = {isa = PBXBuildFile; fileRef = 56BD03C32BCA85B100BAFD87 /* Chat_Implementation.xcdatamodeld */; };
		56BD03C72BCA85B200BAFD87 /* Assets.xcassets in Resources */ = {isa = PBXBuildFile; fileRef = 56BD03C62BCA85B200BAFD87 /* Assets.xcassets */; };
		56BD03CA2BCA85B200BAFD87 /* Base in Resources */ = {isa = PBXBuildFile; fileRef = 56BD03C92BCA85B200BAFD87 /* Base */; };
		56E833962BCA8FD000C0259A /* Constants.swift in Sources */ = {isa = PBXBuildFile; fileRef = 56E833952BCA8FD000C0259A /* Constants.swift */; };
		56E833982BCA8FF200C0259A /* ConfigurationViewModel.swift in Sources */ = {isa = PBXBuildFile; fileRef = 56E833972BCA8FF200C0259A /* ConfigurationViewModel.swift */; };
		56E8339A2BCA922000C0259A /* View.swift in Sources */ = {isa = PBXBuildFile; fileRef = 56E833992BCA922000C0259A /* View.swift */; };
		56E8339C2BCA924500C0259A /* ViewModel.swift in Sources */ = {isa = PBXBuildFile; fileRef = 56E8339B2BCA924500C0259A /* ViewModel.swift */; };
		56E8339E2BCA926600C0259A /* Controller.swift in Sources */ = {isa = PBXBuildFile; fileRef = 56E8339D2BCA926600C0259A /* Controller.swift */; };
		56E833A12BCA92BB00C0259A /* ConfigurationView.swift in Sources */ = {isa = PBXBuildFile; fileRef = 56E833A02BCA92BB00C0259A /* ConfigurationView.swift */; };
		56E833A52BCAA1EC00C0259A /* UIColor+Extensions.swift in Sources */ = {isa = PBXBuildFile; fileRef = 56E833A42BCAA1EC00C0259A /* UIColor+Extensions.swift */; };
		56E833A82BCAB56600C0259A /* ChatListViewController.swift in Sources */ = {isa = PBXBuildFile; fileRef = 56E833A72BCAB56600C0259A /* ChatListViewController.swift */; };
		56E833AA2BCAB58200C0259A /* ChatListViewModel.swift in Sources */ = {isa = PBXBuildFile; fileRef = 56E833A92BCAB58200C0259A /* ChatListViewModel.swift */; };
		56E833AD2BCAB5AA00C0259A /* ChatListView.swift in Sources */ = {isa = PBXBuildFile; fileRef = 56E833AC2BCAB5AA00C0259A /* ChatListView.swift */; };
		56E833AF2BCAB84E00C0259A /* sample_data_five_messages.json in Resources */ = {isa = PBXBuildFile; fileRef = 56E833AE2BCAB84E00C0259A /* sample_data_five_messages.json */; };
		56E833B22BCAB8AE00C0259A /* ChatListItem.swift in Sources */ = {isa = PBXBuildFile; fileRef = 56E833B12BCAB8AE00C0259A /* ChatListItem.swift */; };
		56E833B52BCAB95600C0259A /* MessageItem.swift in Sources */ = {isa = PBXBuildFile; fileRef = 56E833B42BCAB95600C0259A /* MessageItem.swift */; };
		56E833B72BCAB96600C0259A /* MessageStatus.swift in Sources */ = {isa = PBXBuildFile; fileRef = 56E833B62BCAB96600C0259A /* MessageStatus.swift */; };
		56E833B92BCAC1A800C0259A /* User.swift in Sources */ = {isa = PBXBuildFile; fileRef = 56E833B82BCAC1A800C0259A /* User.swift */; };
		56E833BC2BCAC3DD00C0259A /* ChatViewController.swift in Sources */ = {isa = PBXBuildFile; fileRef = 56E833BB2BCAC3DD00C0259A /* ChatViewController.swift */; };
		56E833BE2BCAC40300C0259A /* ChatView.swift in Sources */ = {isa = PBXBuildFile; fileRef = 56E833BD2BCAC40300C0259A /* ChatView.swift */; };
		56E833C12BCAC42500C0259A /* ChatViewModel.swift in Sources */ = {isa = PBXBuildFile; fileRef = 56E833C02BCAC42500C0259A /* ChatViewModel.swift */; };
		56E833C42BCAC57300C0259A /* ChatNavigationBar.swift in Sources */ = {isa = PBXBuildFile; fileRef = 56E833C32BCAC57300C0259A /* ChatNavigationBar.swift */; };
		56E833C72BCAC65400C0259A /* ChatNavigationBarViewModel.swift in Sources */ = {isa = PBXBuildFile; fileRef = 56E833C62BCAC65400C0259A /* ChatNavigationBarViewModel.swift */; };
		56E833CB2BCAC84500C0259A /* InputView.swift in Sources */ = {isa = PBXBuildFile; fileRef = 56E833CA2BCAC84500C0259A /* InputView.swift */; };
		56E833CE2BCACBF100C0259A /* InputViewModel.swift in Sources */ = {isa = PBXBuildFile; fileRef = 56E833CD2BCACBF100C0259A /* InputViewModel.swift */; };
		56E833D12BCAD87500C0259A /* ConfigurationModel.swift in Sources */ = {isa = PBXBuildFile; fileRef = 56E833D02BCAD87500C0259A /* ConfigurationModel.swift */; };
		56E833D52BCB08AE00C0259A /* InsetLabel.swift in Sources */ = {isa = PBXBuildFile; fileRef = 56E833D42BCB08AE00C0259A /* InsetLabel.swift */; };
		56E833D72BCB0E5C00C0259A /* NSLayoutConstraint+Extensions.swift in Sources */ = {isa = PBXBuildFile; fileRef = 56E833D62BCB0E5C00C0259A /* NSLayoutConstraint+Extensions.swift */; };
		56E833E32BCBC8BB00C0259A /* SentTextCell.swift in Sources */ = {isa = PBXBuildFile; fileRef = 56E833E22BCBC8BB00C0259A /* SentTextCell.swift */; };
		56E833E52BCBC98000C0259A /* SentImageCell.swift in Sources */ = {isa = PBXBuildFile; fileRef = 56E833E42BCBC98000C0259A /* SentImageCell.swift */; };
		56E833E72BCBCA0D00C0259A /* SentImageTextCell.swift in Sources */ = {isa = PBXBuildFile; fileRef = 56E833E62BCBCA0D00C0259A /* SentImageTextCell.swift */; };
		56E833E92BCBCA7D00C0259A /* ReceivedTextCell.swift in Sources */ = {isa = PBXBuildFile; fileRef = 56E833E82BCBCA7D00C0259A /* ReceivedTextCell.swift */; };
		56E833EB2BCBCC3300C0259A /* ReceivedImageCell.swift in Sources */ = {isa = PBXBuildFile; fileRef = 56E833EA2BCBCC3300C0259A /* ReceivedImageCell.swift */; };
		56E833ED2BCBCD6000C0259A /* ReceivedImageTextCell.swift in Sources */ = {isa = PBXBuildFile; fileRef = 56E833EC2BCBCD6000C0259A /* ReceivedImageTextCell.swift */; };
		56E833EF2BCBF8E700C0259A /* ChatLayout.swift in Sources */ = {isa = PBXBuildFile; fileRef = 56E833EE2BCBF8E700C0259A /* ChatLayout.swift */; };
		56E833F12BCC491300C0259A /* UIBezierPath+Extensions.swift in Sources */ = {isa = PBXBuildFile; fileRef = 56E833F02BCC491300C0259A /* UIBezierPath+Extensions.swift */; };
		56E833F32BCC493B00C0259A /* UIView+Extensions.swift in Sources */ = {isa = PBXBuildFile; fileRef = 56E833F22BCC493B00C0259A /* UIView+Extensions.swift */; };
		56E833F52BCC532100C0259A /* UIImage+Extensions.swift in Sources */ = {isa = PBXBuildFile; fileRef = 56E833F42BCC532000C0259A /* UIImage+Extensions.swift */; };
		56E833F72BCC601800C0259A /* ImageCache.swift in Sources */ = {isa = PBXBuildFile; fileRef = 56E833F62BCC601800C0259A /* ImageCache.swift */; };
		56E833F92BCC693800C0259A /* FFT.swift in Sources */ = {isa = PBXBuildFile; fileRef = 56E833F82BCC693800C0259A /* FFT.swift */; };
/* End PBXBuildFile section */

/* Begin PBXFileReference section */
		56BD03B72BCA85B100BAFD87 /* Chat Implementation.app */ = {isa = PBXFileReference; explicitFileType = wrapper.application; includeInIndex = 0; path = "Chat Implementation.app"; sourceTree = BUILT_PRODUCTS_DIR; };
		56BD03BA2BCA85B100BAFD87 /* AppDelegate.swift */ = {isa = PBXFileReference; lastKnownFileType = sourcecode.swift; path = AppDelegate.swift; sourceTree = "<group>"; };
		56BD03BC2BCA85B100BAFD87 /* SceneDelegate.swift */ = {isa = PBXFileReference; lastKnownFileType = sourcecode.swift; path = SceneDelegate.swift; sourceTree = "<group>"; };
		56BD03BE2BCA85B100BAFD87 /* ConfigurationViewController.swift */ = {isa = PBXFileReference; lastKnownFileType = sourcecode.swift; path = ConfigurationViewController.swift; sourceTree = "<group>"; };
		56BD03C42BCA85B100BAFD87 /* Chat_Implementation.xcdatamodel */ = {isa = PBXFileReference; lastKnownFileType = wrapper.xcdatamodel; path = Chat_Implementation.xcdatamodel; sourceTree = "<group>"; };
		56BD03C62BCA85B200BAFD87 /* Assets.xcassets */ = {isa = PBXFileReference; lastKnownFileType = folder.assetcatalog; path = Assets.xcassets; sourceTree = "<group>"; };
		56BD03C92BCA85B200BAFD87 /* Base */ = {isa = PBXFileReference; lastKnownFileType = file.storyboard; name = Base; path = Base.lproj/LaunchScreen.storyboard; sourceTree = "<group>"; };
		56BD03CB2BCA85B200BAFD87 /* Info.plist */ = {isa = PBXFileReference; lastKnownFileType = text.plist.xml; path = Info.plist; sourceTree = "<group>"; };
		56E833952BCA8FD000C0259A /* Constants.swift */ = {isa = PBXFileReference; lastKnownFileType = sourcecode.swift; path = Constants.swift; sourceTree = "<group>"; };
		56E833972BCA8FF200C0259A /* ConfigurationViewModel.swift */ = {isa = PBXFileReference; lastKnownFileType = sourcecode.swift; path = ConfigurationViewModel.swift; sourceTree = "<group>"; };
		56E833992BCA922000C0259A /* View.swift */ = {isa = PBXFileReference; lastKnownFileType = sourcecode.swift; path = View.swift; sourceTree = "<group>"; };
		56E8339B2BCA924500C0259A /* ViewModel.swift */ = {isa = PBXFileReference; lastKnownFileType = sourcecode.swift; path = ViewModel.swift; sourceTree = "<group>"; };
		56E8339D2BCA926600C0259A /* Controller.swift */ = {isa = PBXFileReference; lastKnownFileType = sourcecode.swift; path = Controller.swift; sourceTree = "<group>"; };
		56E833A02BCA92BB00C0259A /* ConfigurationView.swift */ = {isa = PBXFileReference; lastKnownFileType = sourcecode.swift; path = ConfigurationView.swift; sourceTree = "<group>"; };
		56E833A42BCAA1EC00C0259A /* UIColor+Extensions.swift */ = {isa = PBXFileReference; lastKnownFileType = sourcecode.swift; path = "UIColor+Extensions.swift"; sourceTree = "<group>"; };
		56E833A72BCAB56600C0259A /* ChatListViewController.swift */ = {isa = PBXFileReference; lastKnownFileType = sourcecode.swift; path = ChatListViewController.swift; sourceTree = "<group>"; };
		56E833A92BCAB58200C0259A /* ChatListViewModel.swift */ = {isa = PBXFileReference; lastKnownFileType = sourcecode.swift; path = ChatListViewModel.swift; sourceTree = "<group>"; };
		56E833AC2BCAB5AA00C0259A /* ChatListView.swift */ = {isa = PBXFileReference; lastKnownFileType = sourcecode.swift; path = ChatListView.swift; sourceTree = "<group>"; };
		56E833AE2BCAB84E00C0259A /* sample_data_five_messages.json */ = {isa = PBXFileReference; fileEncoding = 4; lastKnownFileType = text.json; path = sample_data_five_messages.json; sourceTree = "<group>"; };
		56E833B12BCAB8AE00C0259A /* ChatListItem.swift */ = {isa = PBXFileReference; lastKnownFileType = sourcecode.swift; path = ChatListItem.swift; sourceTree = "<group>"; };
		56E833B42BCAB95600C0259A /* MessageItem.swift */ = {isa = PBXFileReference; lastKnownFileType = sourcecode.swift; path = MessageItem.swift; sourceTree = "<group>"; };
		56E833B62BCAB96600C0259A /* MessageStatus.swift */ = {isa = PBXFileReference; lastKnownFileType = sourcecode.swift; path = MessageStatus.swift; sourceTree = "<group>"; };
		56E833B82BCAC1A800C0259A /* User.swift */ = {isa = PBXFileReference; lastKnownFileType = sourcecode.swift; path = User.swift; sourceTree = "<group>"; };
		56E833BB2BCAC3DD00C0259A /* ChatViewController.swift */ = {isa = PBXFileReference; lastKnownFileType = sourcecode.swift; path = ChatViewController.swift; sourceTree = "<group>"; };
		56E833BD2BCAC40300C0259A /* ChatView.swift */ = {isa = PBXFileReference; lastKnownFileType = sourcecode.swift; path = ChatView.swift; sourceTree = "<group>"; };
		56E833C02BCAC42500C0259A /* ChatViewModel.swift */ = {isa = PBXFileReference; lastKnownFileType = sourcecode.swift; path = ChatViewModel.swift; sourceTree = "<group>"; };
		56E833C32BCAC57300C0259A /* ChatNavigationBar.swift */ = {isa = PBXFileReference; lastKnownFileType = sourcecode.swift; path = ChatNavigationBar.swift; sourceTree = "<group>"; };
		56E833C62BCAC65400C0259A /* ChatNavigationBarViewModel.swift */ = {isa = PBXFileReference; lastKnownFileType = sourcecode.swift; path = ChatNavigationBarViewModel.swift; sourceTree = "<group>"; };
		56E833CA2BCAC84500C0259A /* InputView.swift */ = {isa = PBXFileReference; lastKnownFileType = sourcecode.swift; path = InputView.swift; sourceTree = "<group>"; };
		56E833CD2BCACBF100C0259A /* InputViewModel.swift */ = {isa = PBXFileReference; lastKnownFileType = sourcecode.swift; path = InputViewModel.swift; sourceTree = "<group>"; };
		56E833D02BCAD87500C0259A /* ConfigurationModel.swift */ = {isa = PBXFileReference; lastKnownFileType = sourcecode.swift; path = ConfigurationModel.swift; sourceTree = "<group>"; };
		56E833D42BCB08AE00C0259A /* InsetLabel.swift */ = {isa = PBXFileReference; lastKnownFileType = sourcecode.swift; path = InsetLabel.swift; sourceTree = "<group>"; };
		56E833D62BCB0E5C00C0259A /* NSLayoutConstraint+Extensions.swift */ = {isa = PBXFileReference; lastKnownFileType = sourcecode.swift; path = "NSLayoutConstraint+Extensions.swift"; sourceTree = "<group>"; };
		56E833E22BCBC8BB00C0259A /* SentTextCell.swift */ = {isa = PBXFileReference; lastKnownFileType = sourcecode.swift; path = SentTextCell.swift; sourceTree = "<group>"; };
		56E833E42BCBC98000C0259A /* SentImageCell.swift */ = {isa = PBXFileReference; lastKnownFileType = sourcecode.swift; path = SentImageCell.swift; sourceTree = "<group>"; };
		56E833E62BCBCA0D00C0259A /* SentImageTextCell.swift */ = {isa = PBXFileReference; lastKnownFileType = sourcecode.swift; path = SentImageTextCell.swift; sourceTree = "<group>"; };
		56E833E82BCBCA7D00C0259A /* ReceivedTextCell.swift */ = {isa = PBXFileReference; lastKnownFileType = sourcecode.swift; path = ReceivedTextCell.swift; sourceTree = "<group>"; };
		56E833EA2BCBCC3300C0259A /* ReceivedImageCell.swift */ = {isa = PBXFileReference; lastKnownFileType = sourcecode.swift; path = ReceivedImageCell.swift; sourceTree = "<group>"; };
		56E833EC2BCBCD6000C0259A /* ReceivedImageTextCell.swift */ = {isa = PBXFileReference; lastKnownFileType = sourcecode.swift; path = ReceivedImageTextCell.swift; sourceTree = "<group>"; };
		56E833EE2BCBF8E700C0259A /* ChatLayout.swift */ = {isa = PBXFileReference; lastKnownFileType = sourcecode.swift; path = ChatLayout.swift; sourceTree = "<group>"; };
		56E833F02BCC491300C0259A /* UIBezierPath+Extensions.swift */ = {isa = PBXFileReference; lastKnownFileType = sourcecode.swift; path = "UIBezierPath+Extensions.swift"; sourceTree = "<group>"; };
		56E833F22BCC493B00C0259A /* UIView+Extensions.swift */ = {isa = PBXFileReference; lastKnownFileType = sourcecode.swift; path = "UIView+Extensions.swift"; sourceTree = "<group>"; };
		56E833F42BCC532000C0259A /* UIImage+Extensions.swift */ = {isa = PBXFileReference; lastKnownFileType = sourcecode.swift; path = "UIImage+Extensions.swift"; sourceTree = "<group>"; };
		56E833F62BCC601800C0259A /* ImageCache.swift */ = {isa = PBXFileReference; lastKnownFileType = sourcecode.swift; path = ImageCache.swift; sourceTree = "<group>"; };
		56E833F82BCC693800C0259A /* FFT.swift */ = {isa = PBXFileReference; lastKnownFileType = sourcecode.swift; path = FFT.swift; sourceTree = "<group>"; };
/* End PBXFileReference section */

/* Begin PBXFrameworksBuildPhase section */
		56BD03B42BCA85B100BAFD87 /* Frameworks */ = {
			isa = PBXFrameworksBuildPhase;
			buildActionMask = 2147483647;
			files = (
			);
			runOnlyForDeploymentPostprocessing = 0;
		};
/* End PBXFrameworksBuildPhase section */

/* Begin PBXGroup section */
		56BD03AE2BCA85B100BAFD87 = {
			isa = PBXGroup;
			children = (
				56E833AE2BCAB84E00C0259A /* sample_data_five_messages.json */,
				56BD03B92BCA85B100BAFD87 /* Chat Implementation */,
				56BD03B82BCA85B100BAFD87 /* Products */,
			);
			sourceTree = "<group>";
		};
		56BD03B82BCA85B100BAFD87 /* Products */ = {
			isa = PBXGroup;
			children = (
				56BD03B72BCA85B100BAFD87 /* Chat Implementation.app */,
			);
			name = Products;
			sourceTree = "<group>";
		};
		56BD03B92BCA85B100BAFD87 /* Chat Implementation */ = {
			isa = PBXGroup;
			children = (
				56E833942BCA8F7700C0259A /* Main */,
				56E833922BCA8F4B00C0259A /* Helpers */,
				56E8339F2BCA927500C0259A /* Generics */,
				56E8338F2BCA8EB400C0259A /* Models */,
				56E833902BCA8F2A00C0259A /* Views */,
				56E833912BCA8F3700C0259A /* View Models */,
				56E833932BCA8F5F00C0259A /* Resources */,
			);
			path = "Chat Implementation";
			sourceTree = "<group>";
		};
		56E8338F2BCA8EB400C0259A /* Models */ = {
			isa = PBXGroup;
			children = (
				56BD03C32BCA85B100BAFD87 /* Chat_Implementation.xcdatamodeld */,
				56E833CF2BCAD86300C0259A /* Configuration */,
				56E833B02BCAB89500C0259A /* Chat List */,
				56E833B32BCAB94B00C0259A /* Chat */,
			);
			path = Models;
			sourceTree = "<group>";
		};
		56E833902BCA8F2A00C0259A /* Views */ = {
			isa = PBXGroup;
			children = (
				56E833A22BCA92F800C0259A /* Configuration */,
				56E833A62BCAB54F00C0259A /* Chat List */,
				56E833BA2BCAC3C700C0259A /* Chat */,
			);
			path = Views;
			sourceTree = "<group>";
		};
		56E833912BCA8F3700C0259A /* View Models */ = {
			isa = PBXGroup;
			children = (
				56E833A32BCA930400C0259A /* Configuration */,
				56E833AB2BCAB59100C0259A /* Chat List */,
				56E833BF2BCAC41600C0259A /* Chat */,
			);
			path = "View Models";
			sourceTree = "<group>";
		};
		56E833922BCA8F4B00C0259A /* Helpers */ = {
			isa = PBXGroup;
			children = (
				56E833952BCA8FD000C0259A /* Constants.swift */,
				56E833A42BCAA1EC00C0259A /* UIColor+Extensions.swift */,
				56E833D62BCB0E5C00C0259A /* NSLayoutConstraint+Extensions.swift */,
				56E833F02BCC491300C0259A /* UIBezierPath+Extensions.swift */,
				56E833F22BCC493B00C0259A /* UIView+Extensions.swift */,
				56E833F42BCC532000C0259A /* UIImage+Extensions.swift */,
				56E833EE2BCBF8E700C0259A /* ChatLayout.swift */,
				56E833F62BCC601800C0259A /* ImageCache.swift */,
				56E833F82BCC693800C0259A /* FFT.swift */,
			);
			path = Helpers;
			sourceTree = "<group>";
		};
		56E833932BCA8F5F00C0259A /* Resources */ = {
			isa = PBXGroup;
			children = (
				56BD03C62BCA85B200BAFD87 /* Assets.xcassets */,
			);
			path = Resources;
			sourceTree = "<group>";
		};
		56E833942BCA8F7700C0259A /* Main */ = {
			isa = PBXGroup;
			children = (
				56BD03BA2BCA85B100BAFD87 /* AppDelegate.swift */,
				56BD03BC2BCA85B100BAFD87 /* SceneDelegate.swift */,
				56BD03C82BCA85B200BAFD87 /* LaunchScreen.storyboard */,
				56BD03CB2BCA85B200BAFD87 /* Info.plist */,
			);
			path = Main;
			sourceTree = "<group>";
		};
		56E8339F2BCA927500C0259A /* Generics */ = {
			isa = PBXGroup;
			children = (
				56E8339D2BCA926600C0259A /* Controller.swift */,
				56E833992BCA922000C0259A /* View.swift */,
				56E8339B2BCA924500C0259A /* ViewModel.swift */,
			);
			path = Generics;
			sourceTree = "<group>";
		};
		56E833A22BCA92F800C0259A /* Configuration */ = {
			isa = PBXGroup;
			children = (
				56BD03BE2BCA85B100BAFD87 /* ConfigurationViewController.swift */,
				56E833A02BCA92BB00C0259A /* ConfigurationView.swift */,
			);
			path = Configuration;
			sourceTree = "<group>";
		};
		56E833A32BCA930400C0259A /* Configuration */ = {
			isa = PBXGroup;
			children = (
				56E833972BCA8FF200C0259A /* ConfigurationViewModel.swift */,
			);
			path = Configuration;
			sourceTree = "<group>";
		};
		56E833A62BCAB54F00C0259A /* Chat List */ = {
			isa = PBXGroup;
			children = (
				56E833A72BCAB56600C0259A /* ChatListViewController.swift */,
				56E833AC2BCAB5AA00C0259A /* ChatListView.swift */,
			);
			path = "Chat List";
			sourceTree = "<group>";
		};
		56E833AB2BCAB59100C0259A /* Chat List */ = {
			isa = PBXGroup;
			children = (
				56E833A92BCAB58200C0259A /* ChatListViewModel.swift */,
			);
			path = "Chat List";
			sourceTree = "<group>";
		};
		56E833B02BCAB89500C0259A /* Chat List */ = {
			isa = PBXGroup;
			children = (
				56E833B12BCAB8AE00C0259A /* ChatListItem.swift */,
			);
			path = "Chat List";
			sourceTree = "<group>";
		};
		56E833B32BCAB94B00C0259A /* Chat */ = {
			isa = PBXGroup;
			children = (
				56E833B42BCAB95600C0259A /* MessageItem.swift */,
				56E833B62BCAB96600C0259A /* MessageStatus.swift */,
				56E833B82BCAC1A800C0259A /* User.swift */,
			);
			path = Chat;
			sourceTree = "<group>";
		};
		56E833BA2BCAC3C700C0259A /* Chat */ = {
			isa = PBXGroup;
			children = (
				56E833C92BCAC83800C0259A /* Input View */,
				56E833C82BCAC6D600C0259A /* Chat Cells */,
				56E833C22BCAC55F00C0259A /* Navigation Bar */,
				56E833BB2BCAC3DD00C0259A /* ChatViewController.swift */,
				56E833BD2BCAC40300C0259A /* ChatView.swift */,
			);
			path = Chat;
			sourceTree = "<group>";
		};
		56E833BF2BCAC41600C0259A /* Chat */ = {
			isa = PBXGroup;
			children = (
				56E833CC2BCACBE700C0259A /* Input View */,
				56E833C52BCAC63B00C0259A /* Navigation Bar */,
				56E833C02BCAC42500C0259A /* ChatViewModel.swift */,
			);
			path = Chat;
			sourceTree = "<group>";
		};
		56E833C22BCAC55F00C0259A /* Navigation Bar */ = {
			isa = PBXGroup;
			children = (
				56E833C32BCAC57300C0259A /* ChatNavigationBar.swift */,
			);
			path = "Navigation Bar";
			sourceTree = "<group>";
		};
		56E833C52BCAC63B00C0259A /* Navigation Bar */ = {
			isa = PBXGroup;
			children = (
				56E833C62BCAC65400C0259A /* ChatNavigationBarViewModel.swift */,
			);
			path = "Navigation Bar";
			sourceTree = "<group>";
		};
		56E833C82BCAC6D600C0259A /* Chat Cells */ = {
			isa = PBXGroup;
			children = (
				56E833E22BCBC8BB00C0259A /* SentTextCell.swift */,
				56E833E42BCBC98000C0259A /* SentImageCell.swift */,
				56E833E62BCBCA0D00C0259A /* SentImageTextCell.swift */,
				56E833E82BCBCA7D00C0259A /* ReceivedTextCell.swift */,
				56E833EA2BCBCC3300C0259A /* ReceivedImageCell.swift */,
				56E833EC2BCBCD6000C0259A /* ReceivedImageTextCell.swift */,
				56E833D42BCB08AE00C0259A /* InsetLabel.swift */,
			);
			path = "Chat Cells";
			sourceTree = "<group>";
		};
		56E833C92BCAC83800C0259A /* Input View */ = {
			isa = PBXGroup;
			children = (
				56E833CA2BCAC84500C0259A /* InputView.swift */,
			);
			path = "Input View";
			sourceTree = "<group>";
		};
		56E833CC2BCACBE700C0259A /* Input View */ = {
			isa = PBXGroup;
			children = (
				56E833CD2BCACBF100C0259A /* InputViewModel.swift */,
			);
			path = "Input View";
			sourceTree = "<group>";
		};
		56E833CF2BCAD86300C0259A /* Configuration */ = {
			isa = PBXGroup;
			children = (
				56E833D02BCAD87500C0259A /* ConfigurationModel.swift */,
			);
			path = Configuration;
			sourceTree = "<group>";
		};
/* End PBXGroup section */

/* Begin PBXNativeTarget section */
		56BD03B62BCA85B100BAFD87 /* Chat Implementation */ = {
			isa = PBXNativeTarget;
			buildConfigurationList = 56BD03CE2BCA85B200BAFD87 /* Build configuration list for PBXNativeTarget "Chat Implementation" */;
			buildPhases = (
				56BD03B32BCA85B100BAFD87 /* Sources */,
				56BD03B42BCA85B100BAFD87 /* Frameworks */,
				56BD03B52BCA85B100BAFD87 /* Resources */,
			);
			buildRules = (
			);
			dependencies = (
			);
			name = "Chat Implementation";
			productName = "Chat Implementation";
			productReference = 56BD03B72BCA85B100BAFD87 /* Chat Implementation.app */;
			productType = "com.apple.product-type.application";
		};
/* End PBXNativeTarget section */

/* Begin PBXProject section */
		56BD03AF2BCA85B100BAFD87 /* Project object */ = {
			isa = PBXProject;
			attributes = {
				BuildIndependentTargetsInParallel = 1;
				LastSwiftUpdateCheck = 1530;
				LastUpgradeCheck = 1530;
				TargetAttributes = {
					56BD03B62BCA85B100BAFD87 = {
						CreatedOnToolsVersion = 15.3;
					};
				};
			};
			buildConfigurationList = 56BD03B22BCA85B100BAFD87 /* Build configuration list for PBXProject "Chat Implementation" */;
			compatibilityVersion = "Xcode 14.0";
			developmentRegion = en;
			hasScannedForEncodings = 0;
			knownRegions = (
				en,
				Base,
			);
			mainGroup = 56BD03AE2BCA85B100BAFD87;
			productRefGroup = 56BD03B82BCA85B100BAFD87 /* Products */;
			projectDirPath = "";
			projectRoot = "";
			targets = (
				56BD03B62BCA85B100BAFD87 /* Chat Implementation */,
			);
		};
/* End PBXProject section */

/* Begin PBXResourcesBuildPhase section */
		56BD03B52BCA85B100BAFD87 /* Resources */ = {
			isa = PBXResourcesBuildPhase;
			buildActionMask = 2147483647;
			files = (
				56BD03C72BCA85B200BAFD87 /* Assets.xcassets in Resources */,
				56E833AF2BCAB84E00C0259A /* sample_data_five_messages.json in Resources */,
				56BD03CA2BCA85B200BAFD87 /* Base in Resources */,
			);
			runOnlyForDeploymentPostprocessing = 0;
		};
/* End PBXResourcesBuildPhase section */

/* Begin PBXSourcesBuildPhase section */
		56BD03B32BCA85B100BAFD87 /* Sources */ = {
			isa = PBXSourcesBuildPhase;
			buildActionMask = 2147483647;
			files = (
				56E833F32BCC493B00C0259A /* UIView+Extensions.swift in Sources */,
				56E833E92BCBCA7D00C0259A /* ReceivedTextCell.swift in Sources */,
				56E833D72BCB0E5C00C0259A /* NSLayoutConstraint+Extensions.swift in Sources */,
				56E833B52BCAB95600C0259A /* MessageItem.swift in Sources */,
				56E833F12BCC491300C0259A /* UIBezierPath+Extensions.swift in Sources */,
				56E833C42BCAC57300C0259A /* ChatNavigationBar.swift in Sources */,
				56E833C12BCAC42500C0259A /* ChatViewModel.swift in Sources */,
				56E833B72BCAB96600C0259A /* MessageStatus.swift in Sources */,
				56E833EF2BCBF8E700C0259A /* ChatLayout.swift in Sources */,
				56E8339E2BCA926600C0259A /* Controller.swift in Sources */,
				56E833A12BCA92BB00C0259A /* ConfigurationView.swift in Sources */,
				56E833D52BCB08AE00C0259A /* InsetLabel.swift in Sources */,
				56E833962BCA8FD000C0259A /* Constants.swift in Sources */,
				56E833EB2BCBCC3300C0259A /* ReceivedImageCell.swift in Sources */,
				56E833AA2BCAB58200C0259A /* ChatListViewModel.swift in Sources */,
				56E833E32BCBC8BB00C0259A /* SentTextCell.swift in Sources */,
				56E833982BCA8FF200C0259A /* ConfigurationViewModel.swift in Sources */,
				56E833E72BCBCA0D00C0259A /* SentImageTextCell.swift in Sources */,
				56E833CE2BCACBF100C0259A /* InputViewModel.swift in Sources */,
				56E833C72BCAC65400C0259A /* ChatNavigationBarViewModel.swift in Sources */,
				56BD03BF2BCA85B100BAFD87 /* ConfigurationViewController.swift in Sources */,
				56BD03BB2BCA85B100BAFD87 /* AppDelegate.swift in Sources */,
				56E833ED2BCBCD6000C0259A /* ReceivedImageTextCell.swift in Sources */,
				56E833A82BCAB56600C0259A /* ChatListViewController.swift in Sources */,
				56BD03C52BCA85B100BAFD87 /* Chat_Implementation.xcdatamodeld in Sources */,
				56E833BC2BCAC3DD00C0259A /* ChatViewController.swift in Sources */,
				56E833D12BCAD87500C0259A /* ConfigurationModel.swift in Sources */,
				56E833F72BCC601800C0259A /* ImageCache.swift in Sources */,
				56E833F92BCC693800C0259A /* FFT.swift in Sources */,
				56E833BE2BCAC40300C0259A /* ChatView.swift in Sources */,
				56E8339A2BCA922000C0259A /* View.swift in Sources */,
				56E833AD2BCAB5AA00C0259A /* ChatListView.swift in Sources */,
				56E833A52BCAA1EC00C0259A /* UIColor+Extensions.swift in Sources */,
				56E833B92BCAC1A800C0259A /* User.swift in Sources */,
				56E833E52BCBC98000C0259A /* SentImageCell.swift in Sources */,
				56E8339C2BCA924500C0259A /* ViewModel.swift in Sources */,
				56E833CB2BCAC84500C0259A /* InputView.swift in Sources */,
				56E833F52BCC532100C0259A /* UIImage+Extensions.swift in Sources */,
				56BD03BD2BCA85B100BAFD87 /* SceneDelegate.swift in Sources */,
				56E833B22BCAB8AE00C0259A /* ChatListItem.swift in Sources */,
			);
			runOnlyForDeploymentPostprocessing = 0;
		};
/* End PBXSourcesBuildPhase section */

/* Begin PBXVariantGroup section */
		56BD03C82BCA85B200BAFD87 /* LaunchScreen.storyboard */ = {
			isa = PBXVariantGroup;
			children = (
				56BD03C92BCA85B200BAFD87 /* Base */,
			);
			name = LaunchScreen.storyboard;
			sourceTree = "<group>";
		};
/* End PBXVariantGroup section */

/* Begin XCBuildConfiguration section */
		56BD03CC2BCA85B200BAFD87 /* Debug */ = {
			isa = XCBuildConfiguration;
			buildSettings = {
				ALWAYS_SEARCH_USER_PATHS = NO;
				ASSETCATALOG_COMPILER_GENERATE_SWIFT_ASSET_SYMBOL_EXTENSIONS = YES;
				CLANG_ANALYZER_NONNULL = YES;
				CLANG_ANALYZER_NUMBER_OBJECT_CONVERSION = YES_AGGRESSIVE;
				CLANG_CXX_LANGUAGE_STANDARD = "gnu++20";
				CLANG_ENABLE_MODULES = YES;
				CLANG_ENABLE_OBJC_ARC = YES;
				CLANG_ENABLE_OBJC_WEAK = YES;
				CLANG_WARN_BLOCK_CAPTURE_AUTORELEASING = YES;
				CLANG_WARN_BOOL_CONVERSION = YES;
				CLANG_WARN_COMMA = YES;
				CLANG_WARN_CONSTANT_CONVERSION = YES;
				CLANG_WARN_DEPRECATED_OBJC_IMPLEMENTATIONS = YES;
				CLANG_WARN_DIRECT_OBJC_ISA_USAGE = YES_ERROR;
				CLANG_WARN_DOCUMENTATION_COMMENTS = YES;
				CLANG_WARN_EMPTY_BODY = YES;
				CLANG_WARN_ENUM_CONVERSION = YES;
				CLANG_WARN_INFINITE_RECURSION = YES;
				CLANG_WARN_INT_CONVERSION = YES;
				CLANG_WARN_NON_LITERAL_NULL_CONVERSION = YES;
				CLANG_WARN_OBJC_IMPLICIT_RETAIN_SELF = YES;
				CLANG_WARN_OBJC_LITERAL_CONVERSION = YES;
				CLANG_WARN_OBJC_ROOT_CLASS = YES_ERROR;
				CLANG_WARN_QUOTED_INCLUDE_IN_FRAMEWORK_HEADER = YES;
				CLANG_WARN_RANGE_LOOP_ANALYSIS = YES;
				CLANG_WARN_STRICT_PROTOTYPES = YES;
				CLANG_WARN_SUSPICIOUS_MOVE = YES;
				CLANG_WARN_UNGUARDED_AVAILABILITY = YES_AGGRESSIVE;
				CLANG_WARN_UNREACHABLE_CODE = YES;
				CLANG_WARN__DUPLICATE_METHOD_MATCH = YES;
				COPY_PHASE_STRIP = NO;
				DEBUG_INFORMATION_FORMAT = dwarf;
				ENABLE_STRICT_OBJC_MSGSEND = YES;
				ENABLE_TESTABILITY = YES;
				ENABLE_USER_SCRIPT_SANDBOXING = YES;
				GCC_C_LANGUAGE_STANDARD = gnu17;
				GCC_DYNAMIC_NO_PIC = NO;
				GCC_NO_COMMON_BLOCKS = YES;
				GCC_OPTIMIZATION_LEVEL = 0;
				GCC_PREPROCESSOR_DEFINITIONS = (
					"DEBUG=1",
					"$(inherited)",
				);
				GCC_WARN_64_TO_32_BIT_CONVERSION = YES;
				GCC_WARN_ABOUT_RETURN_TYPE = YES_ERROR;
				GCC_WARN_UNDECLARED_SELECTOR = YES;
				GCC_WARN_UNINITIALIZED_AUTOS = YES_AGGRESSIVE;
				GCC_WARN_UNUSED_FUNCTION = YES;
				GCC_WARN_UNUSED_VARIABLE = YES;
				IPHONEOS_DEPLOYMENT_TARGET = 16.0;
				LOCALIZATION_PREFERS_STRING_CATALOGS = YES;
				MTL_ENABLE_DEBUG_INFO = INCLUDE_SOURCE;
				MTL_FAST_MATH = YES;
				ONLY_ACTIVE_ARCH = YES;
				SDKROOT = iphoneos;
				SWIFT_ACTIVE_COMPILATION_CONDITIONS = "DEBUG $(inherited)";
				SWIFT_OPTIMIZATION_LEVEL = "-Onone";
			};
			name = Debug;
		};
		56BD03CD2BCA85B200BAFD87 /* Release */ = {
			isa = XCBuildConfiguration;
			buildSettings = {
				ALWAYS_SEARCH_USER_PATHS = NO;
				ASSETCATALOG_COMPILER_GENERATE_SWIFT_ASSET_SYMBOL_EXTENSIONS = YES;
				CLANG_ANALYZER_NONNULL = YES;
				CLANG_ANALYZER_NUMBER_OBJECT_CONVERSION = YES_AGGRESSIVE;
				CLANG_CXX_LANGUAGE_STANDARD = "gnu++20";
				CLANG_ENABLE_MODULES = YES;
				CLANG_ENABLE_OBJC_ARC = YES;
				CLANG_ENABLE_OBJC_WEAK = YES;
				CLANG_WARN_BLOCK_CAPTURE_AUTORELEASING = YES;
				CLANG_WARN_BOOL_CONVERSION = YES;
				CLANG_WARN_COMMA = YES;
				CLANG_WARN_CONSTANT_CONVERSION = YES;
				CLANG_WARN_DEPRECATED_OBJC_IMPLEMENTATIONS = YES;
				CLANG_WARN_DIRECT_OBJC_ISA_USAGE = YES_ERROR;
				CLANG_WARN_DOCUMENTATION_COMMENTS = YES;
				CLANG_WARN_EMPTY_BODY = YES;
				CLANG_WARN_ENUM_CONVERSION = YES;
				CLANG_WARN_INFINITE_RECURSION = YES;
				CLANG_WARN_INT_CONVERSION = YES;
				CLANG_WARN_NON_LITERAL_NULL_CONVERSION = YES;
				CLANG_WARN_OBJC_IMPLICIT_RETAIN_SELF = YES;
				CLANG_WARN_OBJC_LITERAL_CONVERSION = YES;
				CLANG_WARN_OBJC_ROOT_CLASS = YES_ERROR;
				CLANG_WARN_QUOTED_INCLUDE_IN_FRAMEWORK_HEADER = YES;
				CLANG_WARN_RANGE_LOOP_ANALYSIS = YES;
				CLANG_WARN_STRICT_PROTOTYPES = YES;
				CLANG_WARN_SUSPICIOUS_MOVE = YES;
				CLANG_WARN_UNGUARDED_AVAILABILITY = YES_AGGRESSIVE;
				CLANG_WARN_UNREACHABLE_CODE = YES;
				CLANG_WARN__DUPLICATE_METHOD_MATCH = YES;
				COPY_PHASE_STRIP = NO;
				DEBUG_INFORMATION_FORMAT = "dwarf-with-dsym";
				ENABLE_NS_ASSERTIONS = NO;
				ENABLE_STRICT_OBJC_MSGSEND = YES;
				ENABLE_USER_SCRIPT_SANDBOXING = YES;
				GCC_C_LANGUAGE_STANDARD = gnu17;
				GCC_NO_COMMON_BLOCKS = YES;
				GCC_WARN_64_TO_32_BIT_CONVERSION = YES;
				GCC_WARN_ABOUT_RETURN_TYPE = YES_ERROR;
				GCC_WARN_UNDECLARED_SELECTOR = YES;
				GCC_WARN_UNINITIALIZED_AUTOS = YES_AGGRESSIVE;
				GCC_WARN_UNUSED_FUNCTION = YES;
				GCC_WARN_UNUSED_VARIABLE = YES;
				IPHONEOS_DEPLOYMENT_TARGET = 16.0;
				LOCALIZATION_PREFERS_STRING_CATALOGS = YES;
				MTL_ENABLE_DEBUG_INFO = NO;
				MTL_FAST_MATH = YES;
				SDKROOT = iphoneos;
				SWIFT_COMPILATION_MODE = wholemodule;
				VALIDATE_PRODUCT = YES;
			};
			name = Release;
		};
		56BD03CF2BCA85B200BAFD87 /* Debug */ = {
			isa = XCBuildConfiguration;
			buildSettings = {
				ASSETCATALOG_COMPILER_APPICON_NAME = AppIcon;
				ASSETCATALOG_COMPILER_GLOBAL_ACCENT_COLOR_NAME = AccentColor;
				CODE_SIGN_STYLE = Automatic;
				CURRENT_PROJECT_VERSION = 1;
				DEVELOPMENT_TEAM = 7K4QY5L96D;
				GENERATE_INFOPLIST_FILE = YES;
				INFOPLIST_FILE = "Chat Implementation/Main/Info.plist";
				INFOPLIST_KEY_CFBundleDisplayName = "Chat Implementation";
				INFOPLIST_KEY_UIApplicationSupportsIndirectInputEvents = YES;
				INFOPLIST_KEY_UILaunchStoryboardName = LaunchScreen;
				INFOPLIST_KEY_UISupportedInterfaceOrientations = UIInterfaceOrientationPortrait;
				INFOPLIST_KEY_UISupportedInterfaceOrientations_iPad = "UIInterfaceOrientationLandscapeLeft UIInterfaceOrientationLandscapeRight UIInterfaceOrientationPortrait UIInterfaceOrientationPortraitUpsideDown";
				IPHONEOS_DEPLOYMENT_TARGET = 16.0;
				LD_RUNPATH_SEARCH_PATHS = (
					"$(inherited)",
					"@executable_path/Frameworks",
				);
				MARKETING_VERSION = 1.0;
				PRODUCT_BUNDLE_IDENTIFIER = "com.ArthurAvagyan.Chat-Implementation";
				PRODUCT_NAME = "$(TARGET_NAME)";
				SUPPORTED_PLATFORMS = "iphoneos iphonesimulator";
				SUPPORTS_MACCATALYST = NO;
				SUPPORTS_MAC_DESIGNED_FOR_IPHONE_IPAD = NO;
				SUPPORTS_XR_DESIGNED_FOR_IPHONE_IPAD = NO;
				SWIFT_EMIT_LOC_STRINGS = YES;
				SWIFT_VERSION = 5.0;
				TARGETED_DEVICE_FAMILY = 1;
			};
			name = Debug;
		};
		56BD03D02BCA85B200BAFD87 /* Release */ = {
			isa = XCBuildConfiguration;
			buildSettings = {
				ASSETCATALOG_COMPILER_APPICON_NAME = AppIcon;
				ASSETCATALOG_COMPILER_GLOBAL_ACCENT_COLOR_NAME = AccentColor;
				CODE_SIGN_STYLE = Automatic;
				CURRENT_PROJECT_VERSION = 1;
				DEVELOPMENT_TEAM = 7K4QY5L96D;
				GENERATE_INFOPLIST_FILE = YES;
				INFOPLIST_FILE = "Chat Implementation/Main/Info.plist";
				INFOPLIST_KEY_CFBundleDisplayName = "Chat Implementation";
				INFOPLIST_KEY_UIApplicationSupportsIndirectInputEvents = YES;
				INFOPLIST_KEY_UILaunchStoryboardName = LaunchScreen;
				INFOPLIST_KEY_UISupportedInterfaceOrientations = UIInterfaceOrientationPortrait;
				INFOPLIST_KEY_UISupportedInterfaceOrientations_iPad = "UIInterfaceOrientationLandscapeLeft UIInterfaceOrientationLandscapeRight UIInterfaceOrientationPortrait UIInterfaceOrientationPortraitUpsideDown";
				IPHONEOS_DEPLOYMENT_TARGET = 16.0;
				LD_RUNPATH_SEARCH_PATHS = (
					"$(inherited)",
					"@executable_path/Frameworks",
				);
				MARKETING_VERSION = 1.0;
				PRODUCT_BUNDLE_IDENTIFIER = "com.ArthurAvagyan.Chat-Implementation";
				PRODUCT_NAME = "$(TARGET_NAME)";
				SUPPORTED_PLATFORMS = "iphoneos iphonesimulator";
				SUPPORTS_MACCATALYST = NO;
				SUPPORTS_MAC_DESIGNED_FOR_IPHONE_IPAD = NO;
				SUPPORTS_XR_DESIGNED_FOR_IPHONE_IPAD = NO;
				SWIFT_EMIT_LOC_STRINGS = YES;
				SWIFT_VERSION = 5.0;
				TARGETED_DEVICE_FAMILY = 1;
			};
			name = Release;
		};
/* End XCBuildConfiguration section */

/* Begin XCConfigurationList section */
		56BD03B22BCA85B100BAFD87 /* Build configuration list for PBXProject "Chat Implementation" */ = {
			isa = XCConfigurationList;
			buildConfigurations = (
				56BD03CC2BCA85B200BAFD87 /* Debug */,
				56BD03CD2BCA85B200BAFD87 /* Release */,
			);
			defaultConfigurationIsVisible = 0;
			defaultConfigurationName = Release;
		};
		56BD03CE2BCA85B200BAFD87 /* Build configuration list for PBXNativeTarget "Chat Implementation" */ = {
			isa = XCConfigurationList;
			buildConfigurations = (
				56BD03CF2BCA85B200BAFD87 /* Debug */,
				56BD03D02BCA85B200BAFD87 /* Release */,
			);
			defaultConfigurationIsVisible = 0;
			defaultConfigurationName = Release;
		};
/* End XCConfigurationList section */

/* Begin XCVersionGroup section */
		56BD03C32BCA85B100BAFD87 /* Chat_Implementation.xcdatamodeld */ = {
			isa = XCVersionGroup;
			children = (
				56BD03C42BCA85B100BAFD87 /* Chat_Implementation.xcdatamodel */,
			);
			currentVersion = 56BD03C42BCA85B100BAFD87 /* Chat_Implementation.xcdatamodel */;
			path = Chat_Implementation.xcdatamodeld;
			sourceTree = "<group>";
			versionGroupType = wrapper.xcdatamodel;
		};
/* End XCVersionGroup section */
	};
	rootObject = 56BD03AF2BCA85B100BAFD87 /* Project object */;
}
